
Microsoft Visual Studio Solution File, Format Version 12.00
# Visual Studio 2013
VisualStudioVersion = 12.0.40629.0
MinimumVisualStudioVersion = 10.0.40219.1
Project("{FAE04EC0-301F-11D3-BF4B-00C04F79EFBC}") = "jenkins_sonar_csharp", "jenkins_sonar_csharp\jenkins_sonar_csharp.csproj", "{4766575F-F63B-4EF2-B46B-CC154384F306}"
EndProject
Project("{FAE04EC0-301F-11D3-BF4B-00C04F79EFBC}") = "jenkins_sonar_csharp.Tests", "jenkins_sonar_csharp.Tests\jenkins_sonar_csharp.Tests.csproj", "{8E3FAC87-9A1B-4F1C-A9E6-FBD95BE42C2D}"
EndProject
Global
	GlobalSection(SolutionConfigurationPlatforms) = preSolution
		Debug|Any CPU = Debug|Any CPU
		Release|Any CPU = Release|Any CPU
	EndGlobalSection
	GlobalSection(ProjectConfigurationPlatforms) = postSolution
		{4766575F-F63B-4EF2-B46B-CC154384F306}.Debug|Any CPU.ActiveCfg = Debug|Any CPU
		{4766575F-F63B-4EF2-B46B-CC154384F306}.Debug|Any CPU.Build.0 = Debug|Any CPU
		{4766575F-F63B-4EF2-B46B-CC154384F306}.Release|Any CPU.ActiveCfg = Release|Any CPU
		{4766575F-F63B-4EF2-B46B-CC154384F306}.Release|Any CPU.Build.0 = Release|Any CPU
		{8E3FAC87-9A1B-4F1C-A9E6-FBD95BE42C2D}.Debug|Any CPU.ActiveCfg = Debug|Any CPU
		{8E3FAC87-9A1B-4F1C-A9E6-FBD95BE42C2D}.Debug|Any CPU.Build.0 = Debug|Any CPU
		{8E3FAC87-9A1B-4F1C-A9E6-FBD95BE42C2D}.Release|Any CPU.ActiveCfg = Release|Any CPU
		{8E3FAC87-9A1B-4F1C-A9E6-FBD95BE42C2D}.Release|Any CPU.Build.0 = Release|Any CPU
	EndGlobalSection
	GlobalSection(SolutionProperties) = preSolution
		HideSolutionNode = FALSE
	EndGlobalSection
EndGlobal
